{
  "name": "novel-downloader",
  "lockfileVersion": 3,
  "requires": true,
  "packages": {
    "": {
      "dependencies": {
        "reasonix": "^1.17.6-rc.1"
      }
    },
    "node_modules/@reasonix/cli-darwin-arm64": {
      "version": "1.17.6-rc.1",
      "resolved": "https://registry.npmmirror.com/@reasonix/cli-darwin-arm64/-/cli-darwin-arm64-1.17.6-rc.1.tgz",
      "integrity": "sha512-wLw9TL4u/0XVrE0Xy9IdQaDrgd7Gie6Ca7EJf+atbO6drOTPA2ofKP11JOrwq55dEtGSHT/jFmLr7QYzwrxtDA==",
      "cpu": [
        "arm64"
      ],
      "license": "MIT",
      "optional": true,
      "os": [
        "darwin"
      ]
    },
    "node_modules/@reasonix/cli-darwin-x64": {
      "version": "1.17.6-rc.1",
      "resolved": "https://registry.npmmirror.com/@reasonix/cli-darwin-x64/-/cli-darwin-x64-1.17.6-rc.1.tgz",
      "integrity": "sha512-YILordwnHfIJONSrvyw5nWZsoZyZ5e5D+ZfexXXsX+XvfOzkx3+sUfnrSg2W0W4g5XFj1LDzjlI45Vryp+qPmg==",
      "cpu": [
        "x64"
      ],
      "license": "MIT",
      "optional": true,
      "os": [
        "darwin"
      ]
    },
    "node_modules/@reasonix/cli-linux-arm64": {
      "version": "1.17.6-rc.1",
      "resolved": "https://registry.npmmirror.com/@reasonix/cli-linux-arm64/-/cli-linux-arm64-1.17.6-rc.1.tgz",
      "integrity": "sha512-niYoHssVCDudgxGUOQv8sRnMcKW7qs6MK/8yzjZSEkLy8fIAimaUQCwPVRs/Thlsg8CSqfvEfqGjoB+Ju2dpsw==",
      "cpu": [
        "arm64"
      ],
      "license": "MIT",
      "optional": true,
      "os": [
        "linux"
      ]
    },
    "node_modules/@reasonix/cli-linux-x64": {
      "version": "1.17.6-rc.1",
      "resolved": "https://registry.npmmirror.com/@reasonix/cli-linux-x64/-/cli-linux-x64-1.17.6-rc.1.tgz",
      "integrity": "sha512-p1lMwDJ40SP6HSB6eH+vxGWncly0Ja/uU5fGo/SEeK1J6xDBNs+HpWlAd3nCpvPCZpoINAT5EB6sF8I82OMH2Q==",
      "cpu": [
        "x64"
      ],
      "license": "MIT",
      "optional": true,
      "os": [
        "linux"
      ]
    },
    "node_modules/@reasonix/cli-win32-arm64": {
      "version": "1.17.6-rc.1",
      "resolved": "https://registry.npmmirror.com/@reasonix/cli-win32-arm64/-/cli-win32-arm64-1.17.6-rc.1.tgz",
      "integrity": "sha512-LxoVSeqMC8npJxvdJIuyUVTrBVXMzlGbPV4A639MaYBbC5CSiYg9C4L123Jse0axHiFEmONaNQu7jlL9Bjvuiw==",
      "cpu": [
        "arm64"
      ],
      "license": "MIT",
      "optional": true,
      "os": [
        "win32"
      ]
    },
    "node_modules/@reasonix/cli-win32-x64": {
      "version": "1.17.6-rc.1",
      "resolved": "https://registry.npmmirror.com/@reasonix/cli-win32-x64/-/cli-win32-x64-1.17.6-rc.1.tgz",
      "integrity": "sha512-2q71A8Lw3wt2syjhUTjdgfeQb6Xcv3OAOArH0g8Jy3nCLLkGdc6w+7OgwRaO/j4JCFpnSbI0k1Cod9WZXaktCw==",
      "cpu": [
        "x64"
      ],
      "license": "MIT",
      "optional": true,
      "os": [
        "win32"
      ]
    },
    "node_modules/reasonix": {
      "version": "1.17.6-rc.1",
      "resolved": "https://registry.npmmirror.com/reasonix/-/reasonix-1.17.6-rc.1.tgz",
      "integrity": "sha512-gDtwS843BbFsXmq2wEyYZFx6sir6Hu/r5Fn/+7puckdPnLLZJgYXLtHkxmD2+2mitDbbjA5QdTeXYt1di0NECQ==",
      "license": "MIT",
      "bin": {
        "reasonix": "bin/reasonix.js"
      },
      "engines": {
        "node": ">=18"
      },
      "optionalDependencies": {
        "@reasonix/cli-darwin-arm64": "1.17.6-rc.1",
        "@reasonix/cli-darwin-x64": "1.17.6-rc.1",
        "@reasonix/cli-linux-arm64": "1.17.6-rc.1",
        "@reasonix/cli-linux-x64": "1.17.6-rc.1",
        "@reasonix/cli-win32-arm64": "1.17.6-rc.1",
        "@reasonix/cli-win32-x64": "1.17.6-rc.1"
      }
    }
  }
}
